{
  "nodes": {
    "flake-compat": {
      "flake": false,
      "locked": {
        "lastModified": 1767039857,
        "narHash": "sha256-vNpUSpF5Nuw8xvDLj2KCwwksIbjua2LZCqhV1LNRDns=",
        "owner": "edolstra",
        "repo": "flake-compat",
        "rev": "5edf11c44bc78a0d334f6334cdaf7d60d732daab",
        "type": "github"
      },
      "original": {
        "owner": "edolstra",
        "repo": "flake-compat",
        "type": "github"
      }
    },
    "himmelblau": {
      "inputs": {
        "nixpkgs": [
          "nixtune",
          "nixpkgs"
        ]
      },
      "locked": {
        "lastModified": 1780004137,
        "narHash": "sha256-X8ho4yMMlfrSMLrXOCH86wwpF/pHArdhnnG75EPbCCA=",
        "owner": "himmelblau-idm",
        "repo": "himmelblau",
        "rev": "ffab05f88399e5045313d97369f94238b747d7b7",
        "type": "github"
      },
      "original": {
        "owner": "himmelblau-idm",
        "ref": "main",
        "repo": "himmelblau",
        "type": "github"
      }
    },
    "nix-azurevpnclient": {
      "inputs": {
        "nixpkgs": [
          "nixpkgs"
        ]
      },
      "locked": {
        "lastModified": 1780284173,
        "narHash": "sha256-3ZX78e3MrItPkBuCtkL8JNQi9YdHhv5OwhF/ehwZQjo=",
        "owner": "yuzhoumo",
        "repo": "nix-azurevpnclient",
        "rev": "3b20b127fad8d112f7d8f83a464dec66c3af0a49",
        "type": "github"
      },
      "original": {
        "owner": "yuzhoumo",
        "repo": "nix-azurevpnclient",
        "type": "github"
      }
    },
    "nix-index-database": {
      "inputs": {
        "nixpkgs": [
          "nixpkgs"
        ]
      },
      "locked": {
        "lastModified": 1780210899,
        "narHash": "sha256-4axz3OBPTKa6LIkXV8n0lc63MQU+et2CB5DGobEAi6k=",
        "owner": "nix-community",
        "repo": "nix-index-database",
        "rev": "97df9dc0b7c924344b793a15c1e8e4522ebb854e",
        "type": "github"
      },
      "original": {
        "owner": "nix-community",
        "repo": "nix-index-database",
        "type": "github"
      }
    },
    "nixos-hardware": {
      "inputs": {
        "nixpkgs": "nixpkgs"
      },
      "locked": {
        "lastModified": 1780065812,
        "narHash": "sha256-SCSLUKBmwlSLGQ8Xbr8PjRFtiHNk0l9ktqkcmqdBkfE=",
        "owner": "NixOS",
        "repo": "nixos-hardware",
        "rev": "b76b5639c0593e0aeb0b5879ad62d4b30596c144",
        "type": "github"
      },
      "original": {
        "owner": "NixOS",
        "ref": "master",
        "repo": "nixos-hardware",
        "type": "github"
      }
    },
    "nixos-wsl": {
      "inputs": {
        "flake-compat": "flake-compat",
        "nixpkgs": [
          "nixpkgs"
        ]
      },
      "locked": {
        "lastModified": 1780169171,
        "narHash": "sha256-3HBYDfBgZ+ph52HS6Ks/bMMwuh2uONIT72sZ1CtLE/s=",
        "owner": "nix-community",
        "repo": "NixOS-WSL",
        "rev": "998b2821c30b2938637230916904ceb8757c79e8",
        "type": "github"
      },
      "original": {
        "owner": "nix-community",
        "ref": "main",
        "repo": "NixOS-WSL",
        "type": "github"
      }
    },
    "nixpkgs": {
      "locked": {
        "lastModified": 1767892417,
        "narHash": "sha256-8bW3q88CEg2u4hSP66Vf4lpbLonHz7hqDNBMcCY7E9U=",
        "rev": "3497aa5c9457a9d88d71fa93a4a8368816fbeeba",
        "type": "tarball",
        "url": "https://releases.nixos.org/nixos/unstable/nixos-26.05pre924538.3497aa5c9457/nixexprs.tar.xz"
      },
      "original": {
        "type": "tarball",
        "url": "https://channels.nixos.org/nixos-unstable/nixexprs.tar.xz"
      }
    },
    "nixpkgs_2": {
      "locked": {
        "lastModified": 1779560665,
        "narHash": "sha256-tpyBcxPpcQb8ukyNF7DoCwfSY3VPsxHoYwj00Cayv5o=",
        "owner": "NixOS",
        "repo": "nixpkgs",
        "rev": "64c08a7ca051951c8eae34e3e3cb1e202fe36786",
        "type": "github"
      },
      "original": {
        "owner": "NixOS",
        "ref": "nixos-unstable",
        "repo": "nixpkgs",
        "type": "github"
      }
    },
    "nixtune": {
      "inputs": {
        "himmelblau": "himmelblau",
        "nixpkgs": [
          "nixpkgs"
        ]
      },
      "locked": {
        "lastModified": 1780098853,
        "narHash": "sha256-7ceIVWW6jwfybjMipXrrxSZ12NVsX62HJ6FfG/8AbQA=",
        "owner": "yuzhoumo",
        "repo": "nixtune",
        "rev": "a7a34d371750b2821cf285df888258ab59c4a805",
        "type": "github"
      },
      "original": {
        "owner": "yuzhoumo",
        "repo": "nixtune",
        "type": "github"
      }
    },
    "root": {
      "inputs": {
        "nix-azurevpnclient": "nix-azurevpnclient",
        "nix-index-database": "nix-index-database",
        "nixos-hardware": "nixos-hardware",
        "nixos-wsl": "nixos-wsl",
        "nixpkgs": "nixpkgs_2",
        "nixtune": "nixtune",
        "sops-nix": "sops-nix"
      }
    },
    "sops-nix": {
      "inputs": {
        "nixpkgs": [
          "nixpkgs"
        ]
      },
      "locked": {
        "lastModified": 1777944972,
        "narHash": "sha256-VfGRo1qTBKOe3s2gOv8LSoA6Fk19PvBlwQ1ECN0Evn8=",
        "owner": "Mic92",
        "repo": "sops-nix",
        "rev": "c591bf665727040c6cc5cb409079acb22dcce33c",
        "type": "github"
      },
      "original": {
        "owner": "Mic92",
        "repo": "sops-nix",
        "type": "github"
      }
    }
  },
  "root": "root",
  "version": 7
}
